
Microsoft Visual Studio Solution File, Format Version 12.00
# Visual Studio Version 17
VisualStudioVersion = 17.7.34018.315
MinimumVisualStudioVersion = 10.0.40219.1
Project("{FAE04EC0-301F-11D3-BF4B-00C04F79EFBC}") = "ADONET PROJE", "ADONET PROJE\ADONET PROJE.csproj", "{7573B441-DC16-492E-88D5-071C08BC13EF}"
EndProject
Global
	GlobalSection(SolutionConfigurationPlatforms) = preSolution
		Debug|Any CPU = Debug|Any CPU
		Release|Any CPU = Release|Any CPU
	EndGlobalSection
	GlobalSection(ProjectConfigurationPlatforms) = postSolution
		{7573B441-DC16-492E-88D5-071C08BC13EF}.Debug|Any CPU.ActiveCfg = Debug|Any CPU
		{7573B441-DC16-492E-88D5-071C08BC13EF}.Debug|Any CPU.Build.0 = Debug|Any CPU
		{7573B441-DC16-492E-88D5-071C08BC13EF}.Release|Any CPU.ActiveCfg = Release|Any CPU
		{7573B441-DC16-492E-88D5-071C08BC13EF}.Release|Any CPU.Build.0 = Release|Any CPU
	EndGlobalSection
	GlobalSection(SolutionProperties) = preSolution
		HideSolutionNode = FALSE
	EndGlobalSection
	GlobalSection(ExtensibilityGlobals) = postSolution
		SolutionGuid = {B784F75B-CADC-40BE-A1DF-6A729E73CC5D}
	EndGlobalSection
EndGlobal
